# This file is automatically @generated by Cargo.
# It is not intended for manual editing.
version = 4

[[package]]
name = "kevy"
version = "0.1.0"
dependencies = [
 "kevy-bench",
 "kevy-resp",
 "kevy-rt",
 "kevy-store",
 "kevy-sys",
]

[[package]]
name = "kevy-bench"
version = "0.1.0"

[[package]]
name = "kevy-cli"
version = "0.1.0"
dependencies = [
 "kevy-resp",
]

[[package]]
name = "kevy-hash"
version = "0.1.0"

[[package]]
name = "kevy-loadgen"
version = "0.1.0"

[[package]]
name = "kevy-net"
version = "0.1.0"
dependencies = [
 "kevy-sys",
]

[[package]]
name = "kevy-persist"
version = "0.1.0"
dependencies = [
 "kevy-resp",
 "kevy-store",
]

[[package]]
name = "kevy-resp"
version = "0.1.0"
dependencies = [
 "kevy-bench",
]

[[package]]
name = "kevy-ring"
version = "0.1.0"

[[package]]
name = "kevy-rt"
version = "0.1.0"
dependencies = [
 "kevy-persist",
 "kevy-resp",
 "kevy-ring",
 "kevy-store",
 "kevy-sys",
]

[[package]]
name = "kevy-store"
version = "0.1.0"
dependencies = [
 "kevy-bench",
 "kevy-hash",
]

[[package]]
name = "kevy-sys"
version = "0.1.0"
