# This file is automatically @generated by Cargo.
# It is not intended for manual editing.
version = 4

[[package]]
name = "kevy-bytes"
version = "4.1.1"
dependencies = [
 "kevy-hash",
]

[[package]]
name = "kevy-hash"
version = "4.1.1"

[[package]]
name = "kevy-madvise"
version = "4.1.1"

[[package]]
name = "kevy-map"
version = "4.1.1"
dependencies = [
 "kevy-hash",
 "kevy-madvise",
]

[[package]]
name = "kevy-mcu-probe"
version = "0.0.0"
dependencies = [
 "kevy-store",
]

[[package]]
name = "kevy-ranktree"
version = "4.1.1"

[[package]]
name = "kevy-store"
version = "4.1.1"
dependencies = [
 "kevy-bytes",
 "kevy-hash",
 "kevy-map",
 "kevy-ranktree",
]
