# This file is automatically @generated by Cargo.
# It is not intended for manual editing.
version = 4

[[package]]
name = "kevy-bytes"
version = "5.2.0"
dependencies = [
 "kevy-hash",
]

[[package]]
name = "kevy-compress"
version = "5.2.0"

[[package]]
name = "kevy-embedded"
version = "5.2.0"
dependencies = [
 "kevy-hash",
 "kevy-index",
 "kevy-persist",
 "kevy-replicate",
 "kevy-resp",
 "kevy-store",
 "kevy-sys",
 "kevy-text",
 "kevy-vector",
 "kevy-window",
]

[[package]]
name = "kevy-hash"
version = "5.2.0"

[[package]]
name = "kevy-index"
version = "5.2.0"
dependencies = [
 "kevy-time",
]

[[package]]
name = "kevy-iot-consumer"
version = "0.0.0"
dependencies = [
 "kevy-embedded",
]

[[package]]
name = "kevy-madvise"
version = "5.2.0"

[[package]]
name = "kevy-map"
version = "5.2.0"
dependencies = [
 "kevy-hash",
 "kevy-madvise",
]

[[package]]
name = "kevy-persist"
version = "5.2.0"
dependencies = [
 "kevy-resp",
 "kevy-store",
 "kevy-sys",
]

[[package]]
name = "kevy-ranktree"
version = "5.2.0"

[[package]]
name = "kevy-replicate"
version = "5.2.0"
dependencies = [
 "kevy-resp",
]

[[package]]
name = "kevy-resp"
version = "5.2.0"
dependencies = [
 "kevy-bytes",
]

[[package]]
name = "kevy-seg"
version = "5.2.0"
dependencies = [
 "kevy-sys",
]

[[package]]
name = "kevy-store"
version = "5.2.0"
dependencies = [
 "kevy-bytes",
 "kevy-hash",
 "kevy-map",
 "kevy-ranktree",
 "kevy-seg",
 "kevy-vlog",
]

[[package]]
name = "kevy-sys"
version = "5.2.0"

[[package]]
name = "kevy-text"
version = "5.2.0"

[[package]]
name = "kevy-time"
version = "5.2.0"

[[package]]
name = "kevy-vector"
version = "5.2.0"

[[package]]
name = "kevy-vlog"
version = "5.2.0"
dependencies = [
 "kevy-compress",
 "kevy-sys",
]

[[package]]
name = "kevy-window"
version = "5.2.0"
dependencies = [
 "kevy-index",
 "kevy-seg",
 "kevy-text",
]
